
Microsoft Visual Studio Solution File, Format Version 12.00
# Visual Studio Version 17
VisualStudioVersion = 17.8.34330.188
MinimumVisualStudioVersion = 10.0.40219.1
Project("{FAE04EC0-301F-11D3-BF4B-00C04F79EFBC}") = "practiceproject3", "practiceproject3\practiceproject3.csproj", "{8428707C-EC0E-4C9F-9664-6A85555AEB01}"
EndProject
Global
	GlobalSection(SolutionConfigurationPlatforms) = preSolution
		Debug|Any CPU = Debug|Any CPU
		Release|Any CPU = Release|Any CPU
	EndGlobalSection
	GlobalSection(ProjectConfigurationPlatforms) = postSolution
		{8428707C-EC0E-4C9F-9664-6A85555AEB01}.Debug|Any CPU.ActiveCfg = Debug|Any CPU
		{8428707C-EC0E-4C9F-9664-6A85555AEB01}.Debug|Any CPU.Build.0 = Debug|Any CPU
		{8428707C-EC0E-4C9F-9664-6A85555AEB01}.Release|Any CPU.ActiveCfg = Release|Any CPU
		{8428707C-EC0E-4C9F-9664-6A85555AEB01}.Release|Any CPU.Build.0 = Release|Any CPU
	EndGlobalSection
	GlobalSection(SolutionProperties) = preSolution
		HideSolutionNode = FALSE
	EndGlobalSection
	GlobalSection(ExtensibilityGlobals) = postSolution
		SolutionGuid = {2ECDF1BA-3E4D-4602-8E92-7D70985725A1}
	EndGlobalSection
EndGlobal
